// !$*UTF8*$!
{
	archiveVersion = 1;
	classes = {
	};
	objectVersion = 56;
	objects = {

/* Begin PBXBuildFile section */
		215338FB28F00B7A00DB1085 /* CountriesApp.swift in Sources */ = {isa = PBXBuildFile; fileRef = 215338FA28F00B7A00DB1085 /* CountriesApp.swift */; };
		215338FD28F00B7A00DB1085 /* HomeView.swift in Sources */ = {isa = PBXBuildFile; fileRef = 215338FC28F00B7A00DB1085 /* HomeView.swift */; };
		215338FF28F00B7B00DB1085 /* Assets.xcassets in Resources */ = {isa = PBXBuildFile; fileRef = 215338FE28F00B7B00DB1085 /* Assets.xcassets */; };
		2153390228F00B7B00DB1085 /* Preview Assets.xcassets in Resources */ = {isa = PBXBuildFile; fileRef = 2153390128F00B7B00DB1085 /* Preview Assets.xcassets */; };
		2153390C28F00B7B00DB1085 /* CountriesTests.swift in Sources */ = {isa = PBXBuildFile; fileRef = 2153390B28F00B7B00DB1085 /* CountriesTests.swift */; };
		2153391628F00B7B00DB1085 /* CountriesUITests.swift in Sources */ = {isa = PBXBuildFile; fileRef = 2153391528F00B7B00DB1085 /* CountriesUITests.swift */; };
		2153391828F00B7B00DB1085 /* CountriesUITestsLaunchTests.swift in Sources */ = {isa = PBXBuildFile; fileRef = 2153391728F00B7B00DB1085 /* CountriesUITestsLaunchTests.swift */; };
		2153392828F00C5500DB1085 /* HomeViewModel.swift in Sources */ = {isa = PBXBuildFile; fileRef = 2153392728F00C5500DB1085 /* HomeViewModel.swift */; };
		2153392A28F0100F00DB1085 /* CountryListData.swift in Sources */ = {isa = PBXBuildFile; fileRef = 2153392928F0100F00DB1085 /* CountryListData.swift */; };
		2153392C28F01D6A00DB1085 /* ApiKey.swift in Sources */ = {isa = PBXBuildFile; fileRef = 2153392B28F01D6A00DB1085 /* ApiKey.swift */; };
		2153392E28F03B7500DB1085 /* CountryDetailData.swift in Sources */ = {isa = PBXBuildFile; fileRef = 2153392D28F03B7500DB1085 /* CountryDetailData.swift */; };
		2153393328F04AB400DB1085 /* SVGKit in Frameworks */ = {isa = PBXBuildFile; productRef = 2153393228F04AB400DB1085 /* SVGKit */; };
		2153393528F04AB400DB1085 /* SVGKitSwift in Frameworks */ = {isa = PBXBuildFile; productRef = 2153393428F04AB400DB1085 /* SVGKitSwift */; };
		2153393A28F04CB900DB1085 /* CountryModel.swift in Sources */ = {isa = PBXBuildFile; fileRef = 2153393928F04CB900DB1085 /* CountryModel.swift */; };
		2153393F28F057A400DB1085 /* CountryDetailView.swift in Sources */ = {isa = PBXBuildFile; fileRef = 2153393E28F057A400DB1085 /* CountryDetailView.swift */; };
		2153394228F0715F00DB1085 /* CountryDataModel.xcdatamodeld in Sources */ = {isa = PBXBuildFile; fileRef = 2153394028F0715F00DB1085 /* CountryDataModel.xcdatamodeld */; };
		2153394428F0722A00DB1085 /* DataController.swift in Sources */ = {isa = PBXBuildFile; fileRef = 2153394328F0722A00DB1085 /* DataController.swift */; };
/* End PBXBuildFile section */

/* Begin PBXContainerItemProxy section */
		2153390828F00B7B00DB1085 /* PBXContainerItemProxy */ = {
			isa = PBXContainerItemProxy;
			containerPortal = 215338EF28F00B7A00DB1085 /* Project object */;
			proxyType = 1;
			remoteGlobalIDString = 215338F628F00B7A00DB1085;
			remoteInfo = Countries;
		};
		2153391228F00B7B00DB1085 /* PBXContainerItemProxy */ = {
			isa = PBXContainerItemProxy;
			containerPortal = 215338EF28F00B7A00DB1085 /* Project object */;
			proxyType = 1;
			remoteGlobalIDString = 215338F628F00B7A00DB1085;
			remoteInfo = Countries;
		};
/* End PBXContainerItemProxy section */

/* Begin PBXFileReference section */
		215338F728F00B7A00DB1085 /* Countries.app */ = {isa = PBXFileReference; explicitFileType = wrapper.application; includeInIndex = 0; path = Countries.app; sourceTree = BUILT_PRODUCTS_DIR; };
		215338FA28F00B7A00DB1085 /* CountriesApp.swift */ = {isa = PBXFileReference; lastKnownFileType = sourcecode.swift; path = CountriesApp.swift; sourceTree = "<group>"; };
		215338FC28F00B7A00DB1085 /* HomeView.swift */ = {isa = PBXFileReference; lastKnownFileType = sourcecode.swift; path = HomeView.swift; sourceTree = "<group>"; };
		215338FE28F00B7B00DB1085 /* Assets.xcassets */ = {isa = PBXFileReference; lastKnownFileType = folder.assetcatalog; path = Assets.xcassets; sourceTree = "<group>"; };
		2153390128F00B7B00DB1085 /* Preview Assets.xcassets */ = {isa = PBXFileReference; lastKnownFileType = folder.assetcatalog; path = "Preview Assets.xcassets"; sourceTree = "<group>"; };
		2153390728F00B7B00DB1085 /* CountriesTests.xctest */ = {isa = PBXFileReference; explicitFileType = wrapper.cfbundle; includeInIndex = 0; path = CountriesTests.xctest; sourceTree = BUILT_PRODUCTS_DIR; };
		2153390B28F00B7B00DB1085 /* CountriesTests.swift */ = {isa = PBXFileReference; lastKnownFileType = sourcecode.swift; path = CountriesTests.swift; sourceTree = "<group>"; };
		2153391128F00B7B00DB1085 /* CountriesUITests.xctest */ = {isa = PBXFileReference; explicitFileType = wrapper.cfbundle; includeInIndex = 0; path = CountriesUITests.xctest; sourceTree = BUILT_PRODUCTS_DIR; };
		2153391528F00B7B00DB1085 /* CountriesUITests.swift */ = {isa = PBXFileReference; lastKnownFileType = sourcecode.swift; path = CountriesUITests.swift; sourceTree = "<group>"; };
		2153391728F00B7B00DB1085 /* CountriesUITestsLaunchTests.swift */ = {isa = PBXFileReference; lastKnownFileType = sourcecode.swift; path = CountriesUITestsLaunchTests.swift; sourceTree = "<group>"; };
		2153392728F00C5500DB1085 /* HomeViewModel.swift */ = {isa = PBXFileReference; lastKnownFileType = sourcecode.swift; path = HomeViewModel.swift; sourceTree = "<group>"; };
		2153392928F0100F00DB1085 /* CountryListData.swift */ = {isa = PBXFileReference; lastKnownFileType = sourcecode.swift; path = CountryListData.swift; sourceTree = "<group>"; };
		2153392B28F01D6A00DB1085 /* ApiKey.swift */ = {isa = PBXFileReference; lastKnownFileType = sourcecode.swift; path = ApiKey.swift; sourceTree = "<group>"; };
		2153392D28F03B7500DB1085 /* CountryDetailData.swift */ = {isa = PBXFileReference; lastKnownFileType = sourcecode.swift; path = CountryDetailData.swift; sourceTree = "<group>"; };
		2153393928F04CB900DB1085 /* CountryModel.swift */ = {isa = PBXFileReference; lastKnownFileType = sourcecode.swift; path = CountryModel.swift; sourceTree = "<group>"; };
		2153393E28F057A400DB1085 /* CountryDetailView.swift */ = {isa = PBXFileReference; lastKnownFileType = sourcecode.swift; path = CountryDetailView.swift; sourceTree = "<group>"; };
		2153394128F0715F00DB1085 /* CountryDataModel.xcdatamodel */ = {isa = PBXFileReference; lastKnownFileType = wrapper.xcdatamodel; path = CountryDataModel.xcdatamodel; sourceTree = "<group>"; };
		2153394328F0722A00DB1085 /* DataController.swift */ = {isa = PBXFileReference; lastKnownFileType = sourcecode.swift; path = DataController.swift; sourceTree = "<group>"; };
/* End PBXFileReference section */

/* Begin PBXFrameworksBuildPhase section */
		215338F428F00B7A00DB1085 /* Frameworks */ = {
			isa = PBXFrameworksBuildPhase;
			buildActionMask = 2147483647;
			files = (
				2153393528F04AB400DB1085 /* SVGKitSwift in Frameworks */,
				2153393328F04AB400DB1085 /* SVGKit in Frameworks */,
			);
			runOnlyForDeploymentPostprocessing = 0;
		};
		2153390428F00B7B00DB1085 /* Frameworks */ = {
			isa = PBXFrameworksBuildPhase;
			buildActionMask = 2147483647;
			files = (
			);
			runOnlyForDeploymentPostprocessing = 0;
		};
		2153390E28F00B7B00DB1085 /* Frameworks */ = {
			isa = PBXFrameworksBuildPhase;
			buildActionMask = 2147483647;
			files = (
			);
			runOnlyForDeploymentPostprocessing = 0;
		};
/* End PBXFrameworksBuildPhase section */

/* Begin PBXGroup section */
		215338EE28F00B7A00DB1085 = {
			isa = PBXGroup;
			children = (
				2153394328F0722A00DB1085 /* DataController.swift */,
				2153394028F0715F00DB1085 /* CountryDataModel.xcdatamodeld */,
				215338F928F00B7A00DB1085 /* Countries */,
				2153390A28F00B7B00DB1085 /* CountriesTests */,
				2153391428F00B7B00DB1085 /* CountriesUITests */,
				215338F828F00B7A00DB1085 /* Products */,
			);
			sourceTree = "<group>";
		};
		215338F828F00B7A00DB1085 /* Products */ = {
			isa = PBXGroup;
			children = (
				215338F728F00B7A00DB1085 /* Countries.app */,
				2153390728F00B7B00DB1085 /* CountriesTests.xctest */,
				2153391128F00B7B00DB1085 /* CountriesUITests.xctest */,
			);
			name = Products;
			sourceTree = "<group>";
		};
		215338F928F00B7A00DB1085 /* Countries */ = {
			isa = PBXGroup;
			children = (
				2153392428F00BC200DB1085 /* Model */,
				2153392528F00BC800DB1085 /* View */,
				2153392628F00BCD00DB1085 /* ViewModel */,
				215338FA28F00B7A00DB1085 /* CountriesApp.swift */,
				215338FE28F00B7B00DB1085 /* Assets.xcassets */,
				2153390028F00B7B00DB1085 /* Preview Content */,
				2153392B28F01D6A00DB1085 /* ApiKey.swift */,
			);
			path = Countries;
			sourceTree = "<group>";
		};
		2153390028F00B7B00DB1085 /* Preview Content */ = {
			isa = PBXGroup;
			children = (
				2153390128F00B7B00DB1085 /* Preview Assets.xcassets */,
			);
			path = "Preview Content";
			sourceTree = "<group>";
		};
		2153390A28F00B7B00DB1085 /* CountriesTests */ = {
			isa = PBXGroup;
			children = (
				2153390B28F00B7B00DB1085 /* CountriesTests.swift */,
			);
			path = CountriesTests;
			sourceTree = "<group>";
		};
		2153391428F00B7B00DB1085 /* CountriesUITests */ = {
			isa = PBXGroup;
			children = (
				2153391528F00B7B00DB1085 /* CountriesUITests.swift */,
				2153391728F00B7B00DB1085 /* CountriesUITestsLaunchTests.swift */,
			);
			path = CountriesUITests;
			sourceTree = "<group>";
		};
		2153392428F00BC200DB1085 /* Model */ = {
			isa = PBXGroup;
			children = (
				2153392928F0100F00DB1085 /* CountryListData.swift */,
				2153392D28F03B7500DB1085 /* CountryDetailData.swift */,
				2153393928F04CB900DB1085 /* CountryModel.swift */,
			);
			path = Model;
			sourceTree = "<group>";
		};
		2153392528F00BC800DB1085 /* View */ = {
			isa = PBXGroup;
			children = (
				215338FC28F00B7A00DB1085 /* HomeView.swift */,
				2153393E28F057A400DB1085 /* CountryDetailView.swift */,
			);
			path = View;
			sourceTree = "<group>";
		};
		2153392628F00BCD00DB1085 /* ViewModel */ = {
			isa = PBXGroup;
			children = (
				2153392728F00C5500DB1085 /* HomeViewModel.swift */,
			);
			path = ViewModel;
			sourceTree = "<group>";
		};
/* End PBXGroup section */

/* Begin PBXNativeTarget section */
		215338F628F00B7A00DB1085 /* Countries */ = {
			isa = PBXNativeTarget;
			buildConfigurationList = 2153391B28F00B7B00DB1085 /* Build configuration list for PBXNativeTarget "Countries" */;
			buildPhases = (
				215338F328F00B7A00DB1085 /* Sources */,
				215338F428F00B7A00DB1085 /* Frameworks */,
				215338F528F00B7A00DB1085 /* Resources */,
			);
			buildRules = (
			);
			dependencies = (
			);
			name = Countries;
			packageProductDependencies = (
				2153393228F04AB400DB1085 /* SVGKit */,
				2153393428F04AB400DB1085 /* SVGKitSwift */,
			);
			productName = Countries;
			productReference = 215338F728F00B7A00DB1085 /* Countries.app */;
			productType = "com.apple.product-type.application";
		};
		2153390628F00B7B00DB1085 /* CountriesTests */ = {
			isa = PBXNativeTarget;
			buildConfigurationList = 2153391E28F00B7B00DB1085 /* Build configuration list for PBXNativeTarget "CountriesTests" */;
			buildPhases = (
				2153390328F00B7B00DB1085 /* Sources */,
				2153390428F00B7B00DB1085 /* Frameworks */,
				2153390528F00B7B00DB1085 /* Resources */,
			);
			buildRules = (
			);
			dependencies = (
				2153390928F00B7B00DB1085 /* PBXTargetDependency */,
			);
			name = CountriesTests;
			productName = CountriesTests;
			productReference = 2153390728F00B7B00DB1085 /* CountriesTests.xctest */;
			productType = "com.apple.product-type.bundle.unit-test";
		};
		2153391028F00B7B00DB1085 /* CountriesUITests */ = {
			isa = PBXNativeTarget;
			buildConfigurationList = 2153392128F00B7B00DB1085 /* Build configuration list for PBXNativeTarget "CountriesUITests" */;
			buildPhases = (
				2153390D28F00B7B00DB1085 /* Sources */,
				2153390E28F00B7B00DB1085 /* Frameworks */,
				2153390F28F00B7B00DB1085 /* Resources */,
			);
			buildRules = (
			);
			dependencies = (
				2153391328F00B7B00DB1085 /* PBXTargetDependency */,
			);
			name = CountriesUITests;
			productName = CountriesUITests;
			productReference = 2153391128F00B7B00DB1085 /* CountriesUITests.xctest */;
			productType = "com.apple.product-type.bundle.ui-testing";
		};
/* End PBXNativeTarget section */

/* Begin PBXProject section */
		215338EF28F00B7A00DB1085 /* Project object */ = {
			isa = PBXProject;
			attributes = {
				BuildIndependentTargetsInParallel = 1;
				LastSwiftUpdateCheck = 1400;
				LastUpgradeCheck = 1400;
				TargetAttributes = {
					215338F628F00B7A00DB1085 = {
						CreatedOnToolsVersion = 14.0.1;
					};
					2153390628F00B7B00DB1085 = {
						CreatedOnToolsVersion = 14.0.1;
						TestTargetID = 215338F628F00B7A00DB1085;
					};
					2153391028F00B7B00DB1085 = {
						CreatedOnToolsVersion = 14.0.1;
						TestTargetID = 215338F628F00B7A00DB1085;
					};
				};
			};
			buildConfigurationList = 215338F228F00B7A00DB1085 /* Build configuration list for PBXProject "Countries" */;
			compatibilityVersion = "Xcode 14.0";
			developmentRegion = en;
			hasScannedForEncodings = 0;
			knownRegions = (
				en,
				Base,
			);
			mainGroup = 215338EE28F00B7A00DB1085;
			packageReferences = (
				2153393128F04AB400DB1085 /* XCRemoteSwiftPackageReference "SVGKit" */,
			);
			productRefGroup = 215338F828F00B7A00DB1085 /* Products */;
			projectDirPath = "";
			projectRoot = "";
			targets = (
				215338F628F00B7A00DB1085 /* Countries */,
				2153390628F00B7B00DB1085 /* CountriesTests */,
				2153391028F00B7B00DB1085 /* CountriesUITests */,
			);
		};
/* End PBXProject section */

/* Begin PBXResourcesBuildPhase section */
		215338F528F00B7A00DB1085 /* Resources */ = {
			isa = PBXResourcesBuildPhase;
			buildActionMask = 2147483647;
			files = (
				2153390228F00B7B00DB1085 /* Preview Assets.xcassets in Resources */,
				215338FF28F00B7B00DB1085 /* Assets.xcassets in Resources */,
			);
			runOnlyForDeploymentPostprocessing = 0;
		};
		2153390528F00B7B00DB1085 /* Resources */ = {
			isa = PBXResourcesBuildPhase;
			buildActionMask = 2147483647;
			files = (
			);
			runOnlyForDeploymentPostprocessing = 0;
		};
		2153390F28F00B7B00DB1085 /* Resources */ = {
			isa = PBXResourcesBuildPhase;
			buildActionMask = 2147483647;
			files = (
			);
			runOnlyForDeploymentPostprocessing = 0;
		};
/* End PBXResourcesBuildPhase section */

/* Begin PBXSourcesBuildPhase section */
		215338F328F00B7A00DB1085 /* Sources */ = {
			isa = PBXSourcesBuildPhase;
			buildActionMask = 2147483647;
			files = (
				2153392C28F01D6A00DB1085 /* ApiKey.swift in Sources */,
				2153394228F0715F00DB1085 /* CountryDataModel.xcdatamodeld in Sources */,
				215338FD28F00B7A00DB1085 /* HomeView.swift in Sources */,
				2153392828F00C5500DB1085 /* HomeViewModel.swift in Sources */,
				2153393F28F057A400DB1085 /* CountryDetailView.swift in Sources */,
				2153394428F0722A00DB1085 /* DataController.swift in Sources */,
				2153393A28F04CB900DB1085 /* CountryModel.swift in Sources */,
				2153392E28F03B7500DB1085 /* CountryDetailData.swift in Sources */,
				2153392A28F0100F00DB1085 /* CountryListData.swift in Sources */,
				215338FB28F00B7A00DB1085 /* CountriesApp.swift in Sources */,
			);
			runOnlyForDeploymentPostprocessing = 0;
		};
		2153390328F00B7B00DB1085 /* Sources */ = {
			isa = PBXSourcesBuildPhase;
			buildActionMask = 2147483647;
			files = (
				2153390C28F00B7B00DB1085 /* CountriesTests.swift in Sources */,
			);
			runOnlyForDeploymentPostprocessing = 0;
		};
		2153390D28F00B7B00DB1085 /* Sources */ = {
			isa = PBXSourcesBuildPhase;
			buildActionMask = 2147483647;
			files = (
				2153391628F00B7B00DB1085 /* CountriesUITests.swift in Sources */,
				2153391828F00B7B00DB1085 /* CountriesUITestsLaunchTests.swift in Sources */,
			);
			runOnlyForDeploymentPostprocessing = 0;
		};
/* End PBXSourcesBuildPhase section */

/* Begin PBXTargetDependency section */
		2153390928F00B7B00DB1085 /* PBXTargetDependency */ = {
			isa = PBXTargetDependency;
			target = 215338F628F00B7A00DB1085 /* Countries */;
			targetProxy = 2153390828F00B7B00DB1085 /* PBXContainerItemProxy */;
		};
		2153391328F00B7B00DB1085 /* PBXTargetDependency */ = {
			isa = PBXTargetDependency;
			target = 215338F628F00B7A00DB1085 /* Countries */;
			targetProxy = 2153391228F00B7B00DB1085 /* PBXContainerItemProxy */;
		};
/* End PBXTargetDependency section */

/* Begin XCBuildConfiguration section */
		2153391928F00B7B00DB1085 /* Debug */ = {
			isa = XCBuildConfiguration;
			buildSettings = {
				ALWAYS_SEARCH_USER_PATHS = NO;
				CLANG_ANALYZER_NONNULL = YES;
				CLANG_ANALYZER_NUMBER_OBJECT_CONVERSION = YES_AGGRESSIVE;
				CLANG_CXX_LANGUAGE_STANDARD = "gnu++20";
				CLANG_ENABLE_MODULES = YES;
				CLANG_ENABLE_OBJC_ARC = YES;
				CLANG_ENABLE_OBJC_WEAK = YES;
				CLANG_WARN_BLOCK_CAPTURE_AUTORELEASING = YES;
				CLANG_WARN_BOOL_CONVERSION = YES;
				CLANG_WARN_COMMA = YES;
				CLANG_WARN_CONSTANT_CONVERSION = YES;
				CLANG_WARN_DEPRECATED_OBJC_IMPLEMENTATIONS = YES;
				CLANG_WARN_DIRECT_OBJC_ISA_USAGE = YES_ERROR;
				CLANG_WARN_DOCUMENTATION_COMMENTS = YES;
				CLANG_WARN_EMPTY_BODY = YES;
				CLANG_WARN_ENUM_CONVERSION = YES;
				CLANG_WARN_INFINITE_RECURSION = YES;
				CLANG_WARN_INT_CONVERSION = YES;
				CLANG_WARN_NON_LITERAL_NULL_CONVERSION = YES;
				CLANG_WARN_OBJC_IMPLICIT_RETAIN_SELF = YES;
				CLANG_WARN_OBJC_LITERAL_CONVERSION = YES;
				CLANG_WARN_OBJC_ROOT_CLASS = YES_ERROR;
				CLANG_WARN_QUOTED_INCLUDE_IN_FRAMEWORK_HEADER = YES;
				CLANG_WARN_RANGE_LOOP_ANALYSIS = YES;
				CLANG_WARN_STRICT_PROTOTYPES = YES;
				CLANG_WARN_SUSPICIOUS_MOVE = YES;
				CLANG_WARN_UNGUARDED_AVAILABILITY = YES_AGGRESSIVE;
				CLANG_WARN_UNREACHABLE_CODE = YES;
				CLANG_WARN__DUPLICATE_METHOD_MATCH = YES;
				COPY_PHASE_STRIP = NO;
				DEBUG_INFORMATION_FORMAT = dwarf;
				ENABLE_STRICT_OBJC_MSGSEND = YES;
				ENABLE_TESTABILITY = YES;
				GCC_C_LANGUAGE_STANDARD = gnu11;
				GCC_DYNAMIC_NO_PIC = NO;
				GCC_NO_COMMON_BLOCKS = YES;
				GCC_OPTIMIZATION_LEVEL = 0;
				GCC_PREPROCESSOR_DEFINITIONS = (
					"DEBUG=1",
					"$(inherited)",
				);
				GCC_WARN_64_TO_32_BIT_CONVERSION = YES;
				GCC_WARN_ABOUT_RETURN_TYPE = YES_ERROR;
				GCC_WARN_UNDECLARED_SELECTOR = YES;
				GCC_WARN_UNINITIALIZED_AUTOS = YES_AGGRESSIVE;
				GCC_WARN_UNUSED_FUNCTION = YES;
				GCC_WARN_UNUSED_VARIABLE = YES;
				IPHONEOS_DEPLOYMENT_TARGET = 16.0;
				MTL_ENABLE_DEBUG_INFO = INCLUDE_SOURCE;
				MTL_FAST_MATH = YES;
				ONLY_ACTIVE_ARCH = YES;
				SDKROOT = iphoneos;
				SWIFT_ACTIVE_COMPILATION_CONDITIONS = DEBUG;
				SWIFT_OPTIMIZATION_LEVEL = "-Onone";
			};
			name = Debug;
		};
		2153391A28F00B7B00DB1085 /* Release */ = {
			isa = XCBuildConfiguration;
			buildSettings = {
				ALWAYS_SEARCH_USER_PATHS = NO;
				CLANG_ANALYZER_NONNULL = YES;
				CLANG_ANALYZER_NUMBER_OBJECT_CONVERSION = YES_AGGRESSIVE;
				CLANG_CXX_LANGUAGE_STANDARD = "gnu++20";
				CLANG_ENABLE_MODULES = YES;
				CLANG_ENABLE_OBJC_ARC = YES;
				CLANG_ENABLE_OBJC_WEAK = YES;
				CLANG_WARN_BLOCK_CAPTURE_AUTORELEASING = YES;
				CLANG_WARN_BOOL_CONVERSION = YES;
				CLANG_WARN_COMMA = YES;
				CLANG_WARN_CONSTANT_CONVERSION = YES;
				CLANG_WARN_DEPRECATED_OBJC_IMPLEMENTATIONS = YES;
				CLANG_WARN_DIRECT_OBJC_ISA_USAGE = YES_ERROR;
				CLANG_WARN_DOCUMENTATION_COMMENTS = YES;
				CLANG_WARN_EMPTY_BODY = YES;
				CLANG_WARN_ENUM_CONVERSION = YES;
				CLANG_WARN_INFINITE_RECURSION = YES;
				CLANG_WARN_INT_CONVERSION = YES;
				CLANG_WARN_NON_LITERAL_NULL_CONVERSION = YES;
				CLANG_WARN_OBJC_IMPLICIT_RETAIN_SELF = YES;
				CLANG_WARN_OBJC_LITERAL_CONVERSION = YES;
				CLANG_WARN_OBJC_ROOT_CLASS = YES_ERROR;
				CLANG_WARN_QUOTED_INCLUDE_IN_FRAMEWORK_HEADER = YES;
				CLANG_WARN_RANGE_LOOP_ANALYSIS = YES;
				CLANG_WARN_STRICT_PROTOTYPES = YES;
				CLANG_WARN_SUSPICIOUS_MOVE = YES;
				CLANG_WARN_UNGUARDED_AVAILABILITY = YES_AGGRESSIVE;
				CLANG_WARN_UNREACHABLE_CODE = YES;
				CLANG_WARN__DUPLICATE_METHOD_MATCH = YES;
				COPY_PHASE_STRIP = NO;
				DEBUG_INFORMATION_FORMAT = "dwarf-with-dsym";
				ENABLE_NS_ASSERTIONS = NO;
				ENABLE_STRICT_OBJC_MSGSEND = YES;
				GCC_C_LANGUAGE_STANDARD = gnu11;
				GCC_NO_COMMON_BLOCKS = YES;
				GCC_WARN_64_TO_32_BIT_CONVERSION = YES;
				GCC_WARN_ABOUT_RETURN_TYPE = YES_ERROR;
				GCC_WARN_UNDECLARED_SELECTOR = YES;
				GCC_WARN_UNINITIALIZED_AUTOS = YES_AGGRESSIVE;
				GCC_WARN_UNUSED_FUNCTION = YES;
				GCC_WARN_UNUSED_VARIABLE = YES;
				IPHONEOS_DEPLOYMENT_TARGET = 16.0;
				MTL_ENABLE_DEBUG_INFO = NO;
				MTL_FAST_MATH = YES;
				SDKROOT = iphoneos;
				SWIFT_COMPILATION_MODE = wholemodule;
				SWIFT_OPTIMIZATION_LEVEL = "-O";
				VALIDATE_PRODUCT = YES;
			};
			name = Release;
		};
		2153391C28F00B7B00DB1085 /* Debug */ = {
			isa = XCBuildConfiguration;
			buildSettings = {
				ASSETCATALOG_COMPILER_APPICON_NAME = AppIcon;
				ASSETCATALOG_COMPILER_GLOBAL_ACCENT_COLOR_NAME = AccentColor;
				CODE_SIGN_STYLE = Automatic;
				CURRENT_PROJECT_VERSION = 1;
				DEVELOPMENT_ASSET_PATHS = "\"Countries/Preview Content\"";
				ENABLE_PREVIEWS = YES;
				GENERATE_INFOPLIST_FILE = YES;
				INFOPLIST_KEY_UIApplicationSceneManifest_Generation = YES;
				INFOPLIST_KEY_UIApplicationSupportsIndirectInputEvents = YES;
				INFOPLIST_KEY_UILaunchScreen_Generation = YES;
				INFOPLIST_KEY_UISupportedInterfaceOrientations_iPad = "UIInterfaceOrientationPortrait UIInterfaceOrientationPortraitUpsideDown UIInterfaceOrientationLandscapeLeft UIInterfaceOrientationLandscapeRight";
				INFOPLIST_KEY_UISupportedInterfaceOrientations_iPhone = "UIInterfaceOrientationPortrait UIInterfaceOrientationLandscapeLeft UIInterfaceOrientationLandscapeRight";
				LD_RUNPATH_SEARCH_PATHS = (
					"$(inherited)",
					"@executable_path/Frameworks",
				);
				MARKETING_VERSION = 1.0;
				PRODUCT_BUNDLE_IDENTIFIER = com.fmmaltd.Countries;
				PRODUCT_NAME = "$(TARGET_NAME)";
				SWIFT_EMIT_LOC_STRINGS = YES;
				SWIFT_VERSION = 5.0;
				TARGETED_DEVICE_FAMILY = "1,2";
			};
			name = Debug;
		};
		2153391D28F00B7B00DB1085 /* Release */ = {
			isa = XCBuildConfiguration;
			buildSettings = {
				ASSETCATALOG_COMPILER_APPICON_NAME = AppIcon;
				ASSETCATALOG_COMPILER_GLOBAL_ACCENT_COLOR_NAME = AccentColor;
				CODE_SIGN_STYLE = Automatic;
				CURRENT_PROJECT_VERSION = 1;
				DEVELOPMENT_ASSET_PATHS = "\"Countries/Preview Content\"";
				ENABLE_PREVIEWS = YES;
				GENERATE_INFOPLIST_FILE = YES;
				INFOPLIST_KEY_UIApplicationSceneManifest_Generation = YES;
				INFOPLIST_KEY_UIApplicationSupportsIndirectInputEvents = YES;
				INFOPLIST_KEY_UILaunchScreen_Generation = YES;
				INFOPLIST_KEY_UISupportedInterfaceOrientations_iPad = "UIInterfaceOrientationPortrait UIInterfaceOrientationPortraitUpsideDown UIInterfaceOrientationLandscapeLeft UIInterfaceOrientationLandscapeRight";
				INFOPLIST_KEY_UISupportedInterfaceOrientations_iPhone = "UIInterfaceOrientationPortrait UIInterfaceOrientationLandscapeLeft UIInterfaceOrientationLandscapeRight";
				LD_RUNPATH_SEARCH_PATHS = (
					"$(inherited)",
					"@executable_path/Frameworks",
				);
				MARKETING_VERSION = 1.0;
				PRODUCT_BUNDLE_IDENTIFIER = com.fmmaltd.Countries;
				PRODUCT_NAME = "$(TARGET_NAME)";
				SWIFT_EMIT_LOC_STRINGS = YES;
				SWIFT_VERSION = 5.0;
				TARGETED_DEVICE_FAMILY = "1,2";
			};
			name = Release;
		};
		2153391F28F00B7B00DB1085 /* Debug */ = {
			isa = XCBuildConfiguration;
			buildSettings = {
				ALWAYS_EMBED_SWIFT_STANDARD_LIBRARIES = YES;
				BUNDLE_LOADER = "$(TEST_HOST)";
				CODE_SIGN_STYLE = Automatic;
				CURRENT_PROJECT_VERSION = 1;
				GENERATE_INFOPLIST_FILE = YES;
				IPHONEOS_DEPLOYMENT_TARGET = 16.0;
				MARKETING_VERSION = 1.0;
				PRODUCT_BUNDLE_IDENTIFIER = com.fmmaltd.CountriesTests;
				PRODUCT_NAME = "$(TARGET_NAME)";
				SWIFT_EMIT_LOC_STRINGS = NO;
				SWIFT_VERSION = 5.0;
				TARGETED_DEVICE_FAMILY = "1,2";
				TEST_HOST = "$(BUILT_PRODUCTS_DIR)/Countries.app/$(BUNDLE_EXECUTABLE_FOLDER_PATH)/Countries";
			};
			name = Debug;
		};
		2153392028F00B7B00DB1085 /* Release */ = {
			isa = XCBuildConfiguration;
			buildSettings = {
				ALWAYS_EMBED_SWIFT_STANDARD_LIBRARIES = YES;
				BUNDLE_LOADER = "$(TEST_HOST)";
				CODE_SIGN_STYLE = Automatic;
				CURRENT_PROJECT_VERSION = 1;
				GENERATE_INFOPLIST_FILE = YES;
				IPHONEOS_DEPLOYMENT_TARGET = 16.0;
				MARKETING_VERSION = 1.0;
				PRODUCT_BUNDLE_IDENTIFIER = com.fmmaltd.CountriesTests;
				PRODUCT_NAME = "$(TARGET_NAME)";
				SWIFT_EMIT_LOC_STRINGS = NO;
				SWIFT_VERSION = 5.0;
				TARGETED_DEVICE_FAMILY = "1,2";
				TEST_HOST = "$(BUILT_PRODUCTS_DIR)/Countries.app/$(BUNDLE_EXECUTABLE_FOLDER_PATH)/Countries";
			};
			name = Release;
		};
		2153392228F00B7B00DB1085 /* Debug */ = {
			isa = XCBuildConfiguration;
			buildSettings = {
				ALWAYS_EMBED_SWIFT_STANDARD_LIBRARIES = YES;
				CODE_SIGN_STYLE = Automatic;
				CURRENT_PROJECT_VERSION = 1;
				GENERATE_INFOPLIST_FILE = YES;
				MARKETING_VERSION = 1.0;
				PRODUCT_BUNDLE_IDENTIFIER = com.fmmaltd.CountriesUITests;
				PRODUCT_NAME = "$(TARGET_NAME)";
				SWIFT_EMIT_LOC_STRINGS = NO;
				SWIFT_VERSION = 5.0;
				TARGETED_DEVICE_FAMILY = "1,2";
				TEST_TARGET_NAME = Countries;
			};
			name = Debug;
		};
		2153392328F00B7B00DB1085 /* Release */ = {
			isa = XCBuildConfiguration;
			buildSettings = {
				ALWAYS_EMBED_SWIFT_STANDARD_LIBRARIES = YES;
				CODE_SIGN_STYLE = Automatic;
				CURRENT_PROJECT_VERSION = 1;
				GENERATE_INFOPLIST_FILE = YES;
				MARKETING_VERSION = 1.0;
				PRODUCT_BUNDLE_IDENTIFIER = com.fmmaltd.CountriesUITests;
				PRODUCT_NAME = "$(TARGET_NAME)";
				SWIFT_EMIT_LOC_STRINGS = NO;
				SWIFT_VERSION = 5.0;
				TARGETED_DEVICE_FAMILY = "1,2";
				TEST_TARGET_NAME = Countries;
			};
			name = Release;
		};
/* End XCBuildConfiguration section */

/* Begin XCConfigurationList section */
		215338F228F00B7A00DB1085 /* Build configuration list for PBXProject "Countries" */ = {
			isa = XCConfigurationList;
			buildConfigurations = (
				2153391928F00B7B00DB1085 /* Debug */,
				2153391A28F00B7B00DB1085 /* Release */,
			);
			defaultConfigurationIsVisible = 0;
			defaultConfigurationName = Release;
		};
		2153391B28F00B7B00DB1085 /* Build configuration list for PBXNativeTarget "Countries" */ = {
			isa = XCConfigurationList;
			buildConfigurations = (
				2153391C28F00B7B00DB1085 /* Debug */,
				2153391D28F00B7B00DB1085 /* Release */,
			);
			defaultConfigurationIsVisible = 0;
			defaultConfigurationName = Release;
		};
		2153391E28F00B7B00DB1085 /* Build configuration list for PBXNativeTarget "CountriesTests" */ = {
			isa = XCConfigurationList;
			buildConfigurations = (
				2153391F28F00B7B00DB1085 /* Debug */,
				2153392028F00B7B00DB1085 /* Release */,
			);
			defaultConfigurationIsVisible = 0;
			defaultConfigurationName = Release;
		};
		2153392128F00B7B00DB1085 /* Build configuration list for PBXNativeTarget "CountriesUITests" */ = {
			isa = XCConfigurationList;
			buildConfigurations = (
				2153392228F00B7B00DB1085 /* Debug */,
				2153392328F00B7B00DB1085 /* Release */,
			);
			defaultConfigurationIsVisible = 0;
			defaultConfigurationName = Release;
		};
/* End XCConfigurationList section */

/* Begin XCRemoteSwiftPackageReference section */
		2153393128F04AB400DB1085 /* XCRemoteSwiftPackageReference "SVGKit" */ = {
			isa = XCRemoteSwiftPackageReference;
			repositoryURL = "https://github.com/SVGKit/SVGKit.git";
			requirement = {
				kind = upToNextMajorVersion;
				minimumVersion = 3.0.0;
			};
		};
/* End XCRemoteSwiftPackageReference section */

/* Begin XCSwiftPackageProductDependency section */
		2153393228F04AB400DB1085 /* SVGKit */ = {
			isa = XCSwiftPackageProductDependency;
			package = 2153393128F04AB400DB1085 /* XCRemoteSwiftPackageReference "SVGKit" */;
			productName = SVGKit;
		};
		2153393428F04AB400DB1085 /* SVGKitSwift */ = {
			isa = XCSwiftPackageProductDependency;
			package = 2153393128F04AB400DB1085 /* XCRemoteSwiftPackageReference "SVGKit" */;
			productName = SVGKitSwift;
		};
/* End XCSwiftPackageProductDependency section */

/* Begin XCVersionGroup section */
		2153394028F0715F00DB1085 /* CountryDataModel.xcdatamodeld */ = {
			isa = XCVersionGroup;
			children = (
				2153394128F0715F00DB1085 /* CountryDataModel.xcdatamodel */,
			);
			currentVersion = 2153394128F0715F00DB1085 /* CountryDataModel.xcdatamodel */;
			path = CountryDataModel.xcdatamodeld;
			sourceTree = "<group>";
			versionGroupType = wrapper.xcdatamodel;
		};
/* End XCVersionGroup section */
	};
	rootObject = 215338EF28F00B7A00DB1085 /* Project object */;
}
